{
  "name": "cagov-autocomplete",
  "version": "0.0.1",
  "lockfileVersion": 1,
  "requires": true,
  "dependencies": {
    "awesomplete-es6": {
      "version": "1.2.2",
      "resolved": "https://registry.npmjs.org/awesomplete-es6/-/awesomplete-es6-1.2.2.tgz",
      "integrity": "sha512-uHc7ckjFxhhNR3qrgAbBMeCW4URgklYAqqKA4EoyYAioGeE9P2mqPh8NAfsYr2mJNgmG3kJ6R7VSK4/sQWnM2Q==",
      "dev": true
    }
  }
}
